
Microsoft Visual Studio Solution File, Format Version 12.00
# Visual Studio Version 16
VisualStudioVersion = 16.0.29926.136
MinimumVisualStudioVersion = 10.0.40219.1
Project("{FAE04EC0-301F-11D3-BF4B-00C04F79EFBC}") = "App1.Android", "App1\App1.Android\App1.Android.csproj", "{4575840D-C1AE-49FD-9E92-B6C99A4A18FF}"
EndProject
Project("{FAE04EC0-301F-11D3-BF4B-00C04F79EFBC}") = "App1.iOS", "App1\App1.iOS\App1.iOS.csproj", "{BB0B49E4-BE7C-45C7-BA9C-501AABCA0EC2}"
EndProject
Project("{FAE04EC0-301F-11D3-BF4B-00C04F79EFBC}") = "App1", "App1\App1\App1.csproj", "{60ED1D60-27A6-468E-AAF0-0372B71579E1}"
EndProject
Global
	GlobalSection(SolutionConfigurationPlatforms) = preSolution
		Debug|Any CPU = Debug|Any CPU
		Debug|iPhone = Debug|iPhone
		Debug|iPhoneSimulator = Debug|iPhoneSimulator
		Release|Any CPU = Release|Any CPU
		Release|iPhone = Release|iPhone
		Release|iPhoneSimulator = Release|iPhoneSimulator
	EndGlobalSection
	GlobalSection(ProjectConfigurationPlatforms) = postSolution
		{4575840D-C1AE-49FD-9E92-B6C99A4A18FF}.Debug|Any CPU.ActiveCfg = Debug|Any CPU
		{4575840D-C1AE-49FD-9E92-B6C99A4A18FF}.Debug|Any CPU.Build.0 = Debug|Any CPU
		{4575840D-C1AE-49FD-9E92-B6C99A4A18FF}.Debug|Any CPU.Deploy.0 = Debug|Any CPU
		{4575840D-C1AE-49FD-9E92-B6C99A4A18FF}.Debug|iPhone.ActiveCfg = Debug|Any CPU
		{4575840D-C1AE-49FD-9E92-B6C99A4A18FF}.Debug|iPhone.Build.0 = Debug|Any CPU
		{4575840D-C1AE-49FD-9E92-B6C99A4A18FF}.Debug|iPhone.Deploy.0 = Debug|Any CPU
		{4575840D-C1AE-49FD-9E92-B6C99A4A18FF}.Debug|iPhoneSimulator.ActiveCfg = Debug|Any CPU
		{4575840D-C1AE-49FD-9E92-B6C99A4A18FF}.Debug|iPhoneSimulator.Build.0 = Debug|Any CPU
		{4575840D-C1AE-49FD-9E92-B6C99A4A18FF}.Debug|iPhoneSimulator.Deploy.0 = Debug|Any CPU
		{4575840D-C1AE-49FD-9E92-B6C99A4A18FF}.Release|Any CPU.ActiveCfg = Release|Any CPU
		{4575840D-C1AE-49FD-9E92-B6C99A4A18FF}.Release|Any CPU.Build.0 = Release|Any CPU
		{4575840D-C1AE-49FD-9E92-B6C99A4A18FF}.Release|Any CPU.Deploy.0 = Release|Any CPU
		{4575840D-C1AE-49FD-9E92-B6C99A4A18FF}.Release|iPhone.ActiveCfg = Release|Any CPU
		{4575840D-C1AE-49FD-9E92-B6C99A4A18FF}.Release|iPhone.Build.0 = Release|Any CPU
		{4575840D-C1AE-49FD-9E92-B6C99A4A18FF}.Release|iPhone.Deploy.0 = Release|Any CPU
		{4575840D-C1AE-49FD-9E92-B6C99A4A18FF}.Release|iPhoneSimulator.ActiveCfg = Release|Any CPU
		{4575840D-C1AE-49FD-9E92-B6C99A4A18FF}.Release|iPhoneSimulator.Build.0 = Release|Any CPU
		{4575840D-C1AE-49FD-9E92-B6C99A4A18FF}.Release|iPhoneSimulator.Deploy.0 = Release|Any CPU
		{BB0B49E4-BE7C-45C7-BA9C-501AABCA0EC2}.Debug|Any CPU.ActiveCfg = Debug|iPhone
		{BB0B49E4-BE7C-45C7-BA9C-501AABCA0EC2}.Debug|Any CPU.Build.0 = Debug|iPhone
		{BB0B49E4-BE7C-45C7-BA9C-501AABCA0EC2}.Debug|Any CPU.Deploy.0 = Debug|iPhone
		{BB0B49E4-BE7C-45C7-BA9C-501AABCA0EC2}.Debug|iPhone.ActiveCfg = Debug|iPhone
		{BB0B49E4-BE7C-45C7-BA9C-501AABCA0EC2}.Debug|iPhone.Build.0 = Debug|iPhone
		{BB0B49E4-BE7C-45C7-BA9C-501AABCA0EC2}.Debug|iPhone.Deploy.0 = Debug|iPhone
		{BB0B49E4-BE7C-45C7-BA9C-501AABCA0EC2}.Debug|iPhoneSimulator.ActiveCfg = Debug|iPhoneSimulator
		{BB0B49E4-BE7C-45C7-BA9C-501AABCA0EC2}.Debug|iPhoneSimulator.Build.0 = Debug|iPhoneSimulator
		{BB0B49E4-BE7C-45C7-BA9C-501AABCA0EC2}.Debug|iPhoneSimulator.Deploy.0 = Debug|iPhoneSimulator
		{BB0B49E4-BE7C-45C7-BA9C-501AABCA0EC2}.Release|Any CPU.ActiveCfg = Release|iPhone
		{BB0B49E4-BE7C-45C7-BA9C-501AABCA0EC2}.Release|Any CPU.Build.0 = Release|iPhone
		{BB0B49E4-BE7C-45C7-BA9C-501AABCA0EC2}.Release|Any CPU.Deploy.0 = Release|iPhone
		{BB0B49E4-BE7C-45C7-BA9C-501AABCA0EC2}.Release|iPhone.ActiveCfg = Release|iPhone
		{BB0B49E4-BE7C-45C7-BA9C-501AABCA0EC2}.Release|iPhone.Build.0 = Release|iPhone
		{BB0B49E4-BE7C-45C7-BA9C-501AABCA0EC2}.Release|iPhone.Deploy.0 = Release|iPhone
		{BB0B49E4-BE7C-45C7-BA9C-501AABCA0EC2}.Release|iPhoneSimulator.ActiveCfg = Release|iPhoneSimulator
		{BB0B49E4-BE7C-45C7-BA9C-501AABCA0EC2}.Release|iPhoneSimulator.Build.0 = Release|iPhoneSimulator
		{BB0B49E4-BE7C-45C7-BA9C-501AABCA0EC2}.Release|iPhoneSimulator.Deploy.0 = Release|iPhoneSimulator
		{60ED1D60-27A6-468E-AAF0-0372B71579E1}.Debug|Any CPU.ActiveCfg = Debug|Any CPU
		{60ED1D60-27A6-468E-AAF0-0372B71579E1}.Debug|Any CPU.Build.0 = Debug|Any CPU
		{60ED1D60-27A6-468E-AAF0-0372B71579E1}.Debug|Any CPU.Deploy.0 = Debug|Any CPU
		{60ED1D60-27A6-468E-AAF0-0372B71579E1}.Debug|iPhone.ActiveCfg = Debug|Any CPU
		{60ED1D60-27A6-468E-AAF0-0372B71579E1}.Debug|iPhone.Build.0 = Debug|Any CPU
		{60ED1D60-27A6-468E-AAF0-0372B71579E1}.Debug|iPhone.Deploy.0 = Debug|Any CPU
		{60ED1D60-27A6-468E-AAF0-0372B71579E1}.Debug|iPhoneSimulator.ActiveCfg = Debug|Any CPU
		{60ED1D60-27A6-468E-AAF0-0372B71579E1}.Debug|iPhoneSimulator.Build.0 = Debug|Any CPU
		{60ED1D60-27A6-468E-AAF0-0372B71579E1}.Debug|iPhoneSimulator.Deploy.0 = Debug|Any CPU
		{60ED1D60-27A6-468E-AAF0-0372B71579E1}.Release|Any CPU.ActiveCfg = Release|Any CPU
		{60ED1D60-27A6-468E-AAF0-0372B71579E1}.Release|Any CPU.Build.0 = Release|Any CPU
		{60ED1D60-27A6-468E-AAF0-0372B71579E1}.Release|Any CPU.Deploy.0 = Release|Any CPU
		{60ED1D60-27A6-468E-AAF0-0372B71579E1}.Release|iPhone.ActiveCfg = Release|Any CPU
		{60ED1D60-27A6-468E-AAF0-0372B71579E1}.Release|iPhone.Build.0 = Release|Any CPU
		{60ED1D60-27A6-468E-AAF0-0372B71579E1}.Release|iPhone.Deploy.0 = Release|Any CPU
		{60ED1D60-27A6-468E-AAF0-0372B71579E1}.Release|iPhoneSimulator.ActiveCfg = Release|Any CPU
		{60ED1D60-27A6-468E-AAF0-0372B71579E1}.Release|iPhoneSimulator.Build.0 = Release|Any CPU
		{60ED1D60-27A6-468E-AAF0-0372B71579E1}.Release|iPhoneSimulator.Deploy.0 = Release|Any CPU
	EndGlobalSection
	GlobalSection(SolutionProperties) = preSolution
		HideSolutionNode = FALSE
	EndGlobalSection
	GlobalSection(ExtensibilityGlobals) = postSolution
		SolutionGuid = {902C6EFF-1C5F-4A2A-8AD5-0C5AD7E80CA5}
	EndGlobalSection
EndGlobal
